// !$*UTF8*$!
{
	archiveVersion = 1;
	classes = {
	};
	objectVersion = 50;
	objects = {

/* Begin PBXBuildFile section */
		0F349E9775707736ADBB2795 /* Pods_EventPopup.framework in Frameworks */ = {isa = PBXBuildFile; fileRef = 568C1254B86E92C2D8234285 /* Pods_EventPopup.framework */; };
		C507244526834FCF00A51D47 /* EventPopup.h in Headers */ = {isa = PBXBuildFile; fileRef = C507244326834FCF00A51D47 /* EventPopup.h */; settings = {ATTRIBUTES = (Public, ); }; };
		C51B036A26837DD2009ACB64 /* Localizable.strings in Resources */ = {isa = PBXBuildFile; fileRef = C51B036C26837DD2009ACB64 /* Localizable.strings */; };
		C547B1182683553E00924B84 /* Queue.swift in Sources */ = {isa = PBXBuildFile; fileRef = C547B10C2683553D00924B84 /* Queue.swift */; };
		C547B1192683553E00924B84 /* DialogEventActionDelegate.swift in Sources */ = {isa = PBXBuildFile; fileRef = C547B10E2683553E00924B84 /* DialogEventActionDelegate.swift */; };
		C547B11A2683553E00924B84 /* iQueue.swift in Sources */ = {isa = PBXBuildFile; fileRef = C547B10F2683553E00924B84 /* iQueue.swift */; };
		C547B11B2683553E00924B84 /* Event.swift in Sources */ = {isa = PBXBuildFile; fileRef = C547B1112683553E00924B84 /* Event.swift */; };
		C547B11C2683553E00924B84 /* DialogPresenter.swift in Sources */ = {isa = PBXBuildFile; fileRef = C547B1142683553E00924B84 /* DialogPresenter.swift */; };
		C547B11D2683553E00924B84 /* DefaultDialogView.swift in Sources */ = {isa = PBXBuildFile; fileRef = C547B1162683553E00924B84 /* DefaultDialogView.swift */; };
		C547B11E2683553E00924B84 /* DialogView.swift in Sources */ = {isa = PBXBuildFile; fileRef = C547B1172683553E00924B84 /* DialogView.swift */; };
		C547B121268355C700924B84 /* Assets.xcassets in Resources */ = {isa = PBXBuildFile; fileRef = C547B120268355C700924B84 /* Assets.xcassets */; };
/* End PBXBuildFile section */

/* Begin PBXFileReference section */
		0A2CD082DE0EE1728B8BE6CA /* Pods-EventPopup.debug.xcconfig */ = {isa = PBXFileReference; includeInIndex = 1; lastKnownFileType = text.xcconfig; name = "Pods-EventPopup.debug.xcconfig"; path = "Target Support Files/Pods-EventPopup/Pods-EventPopup.debug.xcconfig"; sourceTree = "<group>"; };
		568C1254B86E92C2D8234285 /* Pods_EventPopup.framework */ = {isa = PBXFileReference; explicitFileType = wrapper.framework; includeInIndex = 0; path = Pods_EventPopup.framework; sourceTree = BUILT_PRODUCTS_DIR; };
		97AAAE2AB47B7010B97ACEF8 /* Pods-EventPopup.release.xcconfig */ = {isa = PBXFileReference; includeInIndex = 1; lastKnownFileType = text.xcconfig; name = "Pods-EventPopup.release.xcconfig"; path = "Target Support Files/Pods-EventPopup/Pods-EventPopup.release.xcconfig"; sourceTree = "<group>"; };
		C507244026834FCF00A51D47 /* EventPopup.framework */ = {isa = PBXFileReference; explicitFileType = wrapper.framework; includeInIndex = 0; path = EventPopup.framework; sourceTree = BUILT_PRODUCTS_DIR; };
		C507244326834FCF00A51D47 /* EventPopup.h */ = {isa = PBXFileReference; lastKnownFileType = sourcecode.c.h; path = EventPopup.h; sourceTree = "<group>"; };
		C507244426834FCF00A51D47 /* Info.plist */ = {isa = PBXFileReference; lastKnownFileType = text.plist.xml; path = Info.plist; sourceTree = "<group>"; };
		C51B036B26837DD2009ACB64 /* en */ = {isa = PBXFileReference; lastKnownFileType = text.plist.strings; name = en; path = en.lproj/Localizable.strings; sourceTree = "<group>"; };
		C51B036D26837DD5009ACB64 /* be */ = {isa = PBXFileReference; lastKnownFileType = text.plist.strings; name = be; path = be.lproj/Localizable.strings; sourceTree = "<group>"; };
		C51B036E26837DD7009ACB64 /* be-BY */ = {isa = PBXFileReference; lastKnownFileType = text.plist.strings; name = "be-BY"; path = "be-BY.lproj/Localizable.strings"; sourceTree = "<group>"; };
		C51B036F26837DD8009ACB64 /* en_BY */ = {isa = PBXFileReference; lastKnownFileType = text.plist.strings; name = en_BY; path = en_BY.lproj/Localizable.strings; sourceTree = "<group>"; };
		C51B037026837DD9009ACB64 /* ru */ = {isa = PBXFileReference; lastKnownFileType = text.plist.strings; name = ru; path = ru.lproj/Localizable.strings; sourceTree = "<group>"; };
		C51B037126837DDA009ACB64 /* ru-RU */ = {isa = PBXFileReference; lastKnownFileType = text.plist.strings; name = "ru-RU"; path = "ru-RU.lproj/Localizable.strings"; sourceTree = "<group>"; };
		C547B10C2683553D00924B84 /* Queue.swift */ = {isa = PBXFileReference; fileEncoding = 4; lastKnownFileType = sourcecode.swift; path = Queue.swift; sourceTree = "<group>"; };
		C547B10E2683553E00924B84 /* DialogEventActionDelegate.swift */ = {isa = PBXFileReference; fileEncoding = 4; lastKnownFileType = sourcecode.swift; path = DialogEventActionDelegate.swift; sourceTree = "<group>"; };
		C547B10F2683553E00924B84 /* iQueue.swift */ = {isa = PBXFileReference; fileEncoding = 4; lastKnownFileType = sourcecode.swift; path = iQueue.swift; sourceTree = "<group>"; };
		C547B1112683553E00924B84 /* Event.swift */ = {isa = PBXFileReference; fileEncoding = 4; lastKnownFileType = sourcecode.swift; path = Event.swift; sourceTree = "<group>"; };
		C547B1142683553E00924B84 /* DialogPresenter.swift */ = {isa = PBXFileReference; fileEncoding = 4; lastKnownFileType = sourcecode.swift; path = DialogPresenter.swift; sourceTree = "<group>"; };
		C547B1162683553E00924B84 /* DefaultDialogView.swift */ = {isa = PBXFileReference; fileEncoding = 4; lastKnownFileType = sourcecode.swift; path = DefaultDialogView.swift; sourceTree = "<group>"; };
		C547B1172683553E00924B84 /* DialogView.swift */ = {isa = PBXFileReference; fileEncoding = 4; lastKnownFileType = sourcecode.swift; path = DialogView.swift; sourceTree = "<group>"; };
		C547B120268355C700924B84 /* Assets.xcassets */ = {isa = PBXFileReference; lastKnownFileType = folder.assetcatalog; path = Assets.xcassets; sourceTree = "<group>"; };
/* End PBXFileReference section */

/* Begin PBXFrameworksBuildPhase section */
		C507243D26834FCF00A51D47 /* Frameworks */ = {
			isa = PBXFrameworksBuildPhase;
			buildActionMask = 2147483647;
			files = (
				0F349E9775707736ADBB2795 /* Pods_EventPopup.framework in Frameworks */,
			);
			runOnlyForDeploymentPostprocessing = 0;
		};
/* End PBXFrameworksBuildPhase section */

/* Begin PBXGroup section */
		4BEA7B9184771528EFC148AA /* Frameworks */ = {
			isa = PBXGroup;
			children = (
				568C1254B86E92C2D8234285 /* Pods_EventPopup.framework */,
			);
			name = Frameworks;
			sourceTree = "<group>";
		};
		4C4BC41E846DC6361306BB4A /* Pods */ = {
			isa = PBXGroup;
			children = (
				0A2CD082DE0EE1728B8BE6CA /* Pods-EventPopup.debug.xcconfig */,
				97AAAE2AB47B7010B97ACEF8 /* Pods-EventPopup.release.xcconfig */,
			);
			path = Pods;
			sourceTree = "<group>";
		};
		C507243626834FCF00A51D47 = {
			isa = PBXGroup;
			children = (
				C507244226834FCF00A51D47 /* EventPopup */,
				C507244126834FCF00A51D47 /* Products */,
				4C4BC41E846DC6361306BB4A /* Pods */,
				4BEA7B9184771528EFC148AA /* Frameworks */,
			);
			sourceTree = "<group>";
		};
		C507244126834FCF00A51D47 /* Products */ = {
			isa = PBXGroup;
			children = (
				C507244026834FCF00A51D47 /* EventPopup.framework */,
			);
			name = Products;
			sourceTree = "<group>";
		};
		C507244226834FCF00A51D47 /* EventPopup */ = {
			isa = PBXGroup;
			children = (
				C507244326834FCF00A51D47 /* EventPopup.h */,
				C507244426834FCF00A51D47 /* Info.plist */,
				C547B10B2683553D00924B84 /* Data */,
				C547B1102683553E00924B84 /* Entities */,
				C547B10D2683553E00924B84 /* Interfaces */,
				C547B1122683553E00924B84 /* Presentation */,
				C547B11F2683558100924B84 /* Resources */,
			);
			path = EventPopup;
			sourceTree = "<group>";
		};
		C547B10B2683553D00924B84 /* Data */ = {
			isa = PBXGroup;
			children = (
				C547B10C2683553D00924B84 /* Queue.swift */,
			);
			path = Data;
			sourceTree = "<group>";
		};
		C547B10D2683553E00924B84 /* Interfaces */ = {
			isa = PBXGroup;
			children = (
				C547B10E2683553E00924B84 /* DialogEventActionDelegate.swift */,
				C547B10F2683553E00924B84 /* iQueue.swift */,
			);
			path = Interfaces;
			sourceTree = "<group>";
		};
		C547B1102683553E00924B84 /* Entities */ = {
			isa = PBXGroup;
			children = (
				C547B1112683553E00924B84 /* Event.swift */,
			);
			path = Entities;
			sourceTree = "<group>";
		};
		C547B1122683553E00924B84 /* Presentation */ = {
			isa = PBXGroup;
			children = (
				C547B1132683553E00924B84 /* Presenters */,
				C547B1152683553E00924B84 /* Views */,
			);
			path = Presentation;
			sourceTree = "<group>";
		};
		C547B1132683553E00924B84 /* Presenters */ = {
			isa = PBXGroup;
			children = (
				C547B1142683553E00924B84 /* DialogPresenter.swift */,
			);
			path = Presenters;
			sourceTree = "<group>";
		};
		C547B1152683553E00924B84 /* Views */ = {
			isa = PBXGroup;
			children = (
				C547B1162683553E00924B84 /* DefaultDialogView.swift */,
				C547B1172683553E00924B84 /* DialogView.swift */,
			);
			path = Views;
			sourceTree = "<group>";
		};
		C547B11F2683558100924B84 /* Resources */ = {
			isa = PBXGroup;
			children = (
				C51B036C26837DD2009ACB64 /* Localizable.strings */,
				C547B120268355C700924B84 /* Assets.xcassets */,
			);
			path = Resources;
			sourceTree = "<group>";
		};
/* End PBXGroup section */

/* Begin PBXHeadersBuildPhase section */
		C507243B26834FCF00A51D47 /* Headers */ = {
			isa = PBXHeadersBuildPhase;
			buildActionMask = 2147483647;
			files = (
				C507244526834FCF00A51D47 /* EventPopup.h in Headers */,
			);
			runOnlyForDeploymentPostprocessing = 0;
		};
/* End PBXHeadersBuildPhase section */

/* Begin PBXNativeTarget section */
		C507243F26834FCF00A51D47 /* EventPopup */ = {
			isa = PBXNativeTarget;
			buildConfigurationList = C507244826834FCF00A51D47 /* Build configuration list for PBXNativeTarget "EventPopup" */;
			buildPhases = (
				5AFB2D7273A5AAC0E002DAAE /* [CP] Check Pods Manifest.lock */,
				C507243B26834FCF00A51D47 /* Headers */,
				C507243C26834FCF00A51D47 /* Sources */,
				C507243D26834FCF00A51D47 /* Frameworks */,
				C507243E26834FCF00A51D47 /* Resources */,
			);
			buildRules = (
			);
			dependencies = (
			);
			name = EventPopup;
			productName = EventPopup;
			productReference = C507244026834FCF00A51D47 /* EventPopup.framework */;
			productType = "com.apple.product-type.framework";
		};
/* End PBXNativeTarget section */

/* Begin PBXProject section */
		C507243726834FCF00A51D47 /* Project object */ = {
			isa = PBXProject;
			attributes = {
				LastUpgradeCheck = 1250;
				TargetAttributes = {
					C507243F26834FCF00A51D47 = {
						CreatedOnToolsVersion = 12.5;
					};
				};
			};
			buildConfigurationList = C507243A26834FCF00A51D47 /* Build configuration list for PBXProject "EventPopup" */;
			compatibilityVersion = "Xcode 9.3";
			developmentRegion = en;
			hasScannedForEncodings = 0;
			knownRegions = (
				en,
				Base,
				be,
				"be-BY",
				"ru-RU",
				ru,
				en_BY,
			);
			mainGroup = C507243626834FCF00A51D47;
			productRefGroup = C507244126834FCF00A51D47 /* Products */;
			projectDirPath = "";
			projectRoot = "";
			targets = (
				C507243F26834FCF00A51D47 /* EventPopup */,
			);
		};
/* End PBXProject section */

/* Begin PBXResourcesBuildPhase section */
		C507243E26834FCF00A51D47 /* Resources */ = {
			isa = PBXResourcesBuildPhase;
			buildActionMask = 2147483647;
			files = (
				C547B121268355C700924B84 /* Assets.xcassets in Resources */,
				C51B036A26837DD2009ACB64 /* Localizable.strings in Resources */,
			);
			runOnlyForDeploymentPostprocessing = 0;
		};
/* End PBXResourcesBuildPhase section */

/* Begin PBXShellScriptBuildPhase section */
		5AFB2D7273A5AAC0E002DAAE /* [CP] Check Pods Manifest.lock */ = {
			isa = PBXShellScriptBuildPhase;
			buildActionMask = 2147483647;
			files = (
			);
			inputFileListPaths = (
			);
			inputPaths = (
				"${PODS_PODFILE_DIR_PATH}/Podfile.lock",
				"${PODS_ROOT}/Manifest.lock",
			);
			name = "[CP] Check Pods Manifest.lock";
			outputFileListPaths = (
			);
			outputPaths = (
				"$(DERIVED_FILE_DIR)/Pods-EventPopup-checkManifestLockResult.txt",
			);
			runOnlyForDeploymentPostprocessing = 0;
			shellPath = /bin/sh;
			shellScript = "diff \"${PODS_PODFILE_DIR_PATH}/Podfile.lock\" \"${PODS_ROOT}/Manifest.lock\" > /dev/null\nif [ $? != 0 ] ; then\n    # print error to STDERR\n    echo \"error: The sandbox is not in sync with the Podfile.lock. Run 'pod install' or update your CocoaPods installation.\" >&2\n    exit 1\nfi\n# This output is used by Xcode 'outputs' to avoid re-running this script phase.\necho \"SUCCESS\" > \"${SCRIPT_OUTPUT_FILE_0}\"\n";
			showEnvVarsInLog = 0;
		};
/* End PBXShellScriptBuildPhase section */

/* Begin PBXSourcesBuildPhase section */
		C507243C26834FCF00A51D47 /* Sources */ = {
			isa = PBXSourcesBuildPhase;
			buildActionMask = 2147483647;
			files = (
				C547B11C2683553E00924B84 /* DialogPresenter.swift in Sources */,
				C547B11B2683553E00924B84 /* Event.swift in Sources */,
				C547B1182683553E00924B84 /* Queue.swift in Sources */,
				C547B1192683553E00924B84 /* DialogEventActionDelegate.swift in Sources */,
				C547B11D2683553E00924B84 /* DefaultDialogView.swift in Sources */,
				C547B11A2683553E00924B84 /* iQueue.swift in Sources */,
				C547B11E2683553E00924B84 /* DialogView.swift in Sources */,
			);
			runOnlyForDeploymentPostprocessing = 0;
		};
/* End PBXSourcesBuildPhase section */

/* Begin PBXVariantGroup section */
		C51B036C26837DD2009ACB64 /* Localizable.strings */ = {
			isa = PBXVariantGroup;
			children = (
				C51B036B26837DD2009ACB64 /* en */,
				C51B036D26837DD5009ACB64 /* be */,
				C51B036E26837DD7009ACB64 /* be-BY */,
				C51B036F26837DD8009ACB64 /* en_BY */,
				C51B037026837DD9009ACB64 /* ru */,
				C51B037126837DDA009ACB64 /* ru-RU */,
			);
			name = Localizable.strings;
			sourceTree = "<group>";
		};
/* End PBXVariantGroup section */

/* Begin XCBuildConfiguration section */
		C507244626834FCF00A51D47 /* Debug */ = {
			isa = XCBuildConfiguration;
			buildSettings = {
				ALWAYS_SEARCH_USER_PATHS = NO;
				CLANG_ANALYZER_NONNULL = YES;
				CLANG_ANALYZER_NUMBER_OBJECT_CONVERSION = YES_AGGRESSIVE;
				CLANG_CXX_LANGUAGE_STANDARD = "gnu++14";
				CLANG_CXX_LIBRARY = "libc++";
				CLANG_ENABLE_MODULES = YES;
				CLANG_ENABLE_OBJC_ARC = YES;
				CLANG_ENABLE_OBJC_WEAK = YES;
				CLANG_WARN_BLOCK_CAPTURE_AUTORELEASING = YES;
				CLANG_WARN_BOOL_CONVERSION = YES;
				CLANG_WARN_COMMA = YES;
				CLANG_WARN_CONSTANT_CONVERSION = YES;
				CLANG_WARN_DEPRECATED_OBJC_IMPLEMENTATIONS = YES;
				CLANG_WARN_DIRECT_OBJC_ISA_USAGE = YES_ERROR;
				CLANG_WARN_DOCUMENTATION_COMMENTS = YES;
				CLANG_WARN_EMPTY_BODY = YES;
				CLANG_WARN_ENUM_CONVERSION = YES;
				CLANG_WARN_INFINITE_RECURSION = YES;
				CLANG_WARN_INT_CONVERSION = YES;
				CLANG_WARN_NON_LITERAL_NULL_CONVERSION = YES;
				CLANG_WARN_OBJC_IMPLICIT_RETAIN_SELF = YES;
				CLANG_WARN_OBJC_LITERAL_CONVERSION = YES;
				CLANG_WARN_OBJC_ROOT_CLASS = YES_ERROR;
				CLANG_WARN_QUOTED_INCLUDE_IN_FRAMEWORK_HEADER = YES;
				CLANG_WARN_RANGE_LOOP_ANALYSIS = YES;
				CLANG_WARN_STRICT_PROTOTYPES = YES;
				CLANG_WARN_SUSPICIOUS_MOVE = YES;
				CLANG_WARN_UNGUARDED_AVAILABILITY = YES_AGGRESSIVE;
				CLANG_WARN_UNREACHABLE_CODE = YES;
				CLANG_WARN__DUPLICATE_METHOD_MATCH = YES;
				COPY_PHASE_STRIP = NO;
				CURRENT_PROJECT_VERSION = 1;
				DEBUG_INFORMATION_FORMAT = dwarf;
				ENABLE_STRICT_OBJC_MSGSEND = YES;
				ENABLE_TESTABILITY = YES;
				GCC_C_LANGUAGE_STANDARD = gnu11;
				GCC_DYNAMIC_NO_PIC = NO;
				GCC_NO_COMMON_BLOCKS = YES;
				GCC_OPTIMIZATION_LEVEL = 0;
				GCC_PREPROCESSOR_DEFINITIONS = (
					"DEBUG=1",
					"$(inherited)",
				);
				GCC_WARN_64_TO_32_BIT_CONVERSION = YES;
				GCC_WARN_ABOUT_RETURN_TYPE = YES_ERROR;
				GCC_WARN_UNDECLARED_SELECTOR = YES;
				GCC_WARN_UNINITIALIZED_AUTOS = YES_AGGRESSIVE;
				GCC_WARN_UNUSED_FUNCTION = YES;
				GCC_WARN_UNUSED_VARIABLE = YES;
				IPHONEOS_DEPLOYMENT_TARGET = 11.0;
				MTL_ENABLE_DEBUG_INFO = INCLUDE_SOURCE;
				MTL_FAST_MATH = YES;
				ONLY_ACTIVE_ARCH = YES;
				SDKROOT = iphoneos;
				SWIFT_ACTIVE_COMPILATION_CONDITIONS = DEBUG;
				SWIFT_OPTIMIZATION_LEVEL = "-Onone";
				VERSIONING_SYSTEM = "apple-generic";
				VERSION_INFO_PREFIX = "";
			};
			name = Debug;
		};
		C507244726834FCF00A51D47 /* Release */ = {
			isa = XCBuildConfiguration;
			buildSettings = {
				ALWAYS_SEARCH_USER_PATHS = NO;
				CLANG_ANALYZER_NONNULL = YES;
				CLANG_ANALYZER_NUMBER_OBJECT_CONVERSION = YES_AGGRESSIVE;
				CLANG_CXX_LANGUAGE_STANDARD = "gnu++14";
				CLANG_CXX_LIBRARY = "libc++";
				CLANG_ENABLE_MODULES = YES;
				CLANG_ENABLE_OBJC_ARC = YES;
				CLANG_ENABLE_OBJC_WEAK = YES;
				CLANG_WARN_BLOCK_CAPTURE_AUTORELEASING = YES;
				CLANG_WARN_BOOL_CONVERSION = YES;
				CLANG_WARN_COMMA = YES;
				CLANG_WARN_CONSTANT_CONVERSION = YES;
				CLANG_WARN_DEPRECATED_OBJC_IMPLEMENTATIONS = YES;
				CLANG_WARN_DIRECT_OBJC_ISA_USAGE = YES_ERROR;
				CLANG_WARN_DOCUMENTATION_COMMENTS = YES;
				CLANG_WARN_EMPTY_BODY = YES;
				CLANG_WARN_ENUM_CONVERSION = YES;
				CLANG_WARN_INFINITE_RECURSION = YES;
				CLANG_WARN_INT_CONVERSION = YES;
				CLANG_WARN_NON_LITERAL_NULL_CONVERSION = YES;
				CLANG_WARN_OBJC_IMPLICIT_RETAIN_SELF = YES;
				CLANG_WARN_OBJC_LITERAL_CONVERSION = YES;
				CLANG_WARN_OBJC_ROOT_CLASS = YES_ERROR;
				CLANG_WARN_QUOTED_INCLUDE_IN_FRAMEWORK_HEADER = YES;
				CLANG_WARN_RANGE_LOOP_ANALYSIS = YES;
				CLANG_WARN_STRICT_PROTOTYPES = YES;
				CLANG_WARN_SUSPICIOUS_MOVE = YES;
				CLANG_WARN_UNGUARDED_AVAILABILITY = YES_AGGRESSIVE;
				CLANG_WARN_UNREACHABLE_CODE = YES;
				CLANG_WARN__DUPLICATE_METHOD_MATCH = YES;
				COPY_PHASE_STRIP = NO;
				CURRENT_PROJECT_VERSION = 1;
				DEBUG_INFORMATION_FORMAT = "dwarf-with-dsym";
				ENABLE_NS_ASSERTIONS = NO;
				ENABLE_STRICT_OBJC_MSGSEND = YES;
				GCC_C_LANGUAGE_STANDARD = gnu11;
				GCC_NO_COMMON_BLOCKS = YES;
				GCC_WARN_64_TO_32_BIT_CONVERSION = YES;
				GCC_WARN_ABOUT_RETURN_TYPE = YES_ERROR;
				GCC_WARN_UNDECLARED_SELECTOR = YES;
				GCC_WARN_UNINITIALIZED_AUTOS = YES_AGGRESSIVE;
				GCC_WARN_UNUSED_FUNCTION = YES;
				GCC_WARN_UNUSED_VARIABLE = YES;
				IPHONEOS_DEPLOYMENT_TARGET = 11.0;
				MTL_ENABLE_DEBUG_INFO = NO;
				MTL_FAST_MATH = YES;
				SDKROOT = iphoneos;
				SWIFT_COMPILATION_MODE = wholemodule;
				SWIFT_OPTIMIZATION_LEVEL = "-O";
				VALIDATE_PRODUCT = YES;
				VERSIONING_SYSTEM = "apple-generic";
				VERSION_INFO_PREFIX = "";
			};
			name = Release;
		};
		C507244926834FCF00A51D47 /* Debug */ = {
			isa = XCBuildConfiguration;
			baseConfigurationReference = 0A2CD082DE0EE1728B8BE6CA /* Pods-EventPopup.debug.xcconfig */;
			buildSettings = {
				CODE_SIGN_STYLE = Automatic;
				DEFINES_MODULE = YES;
				DEVELOPMENT_TEAM = P62455T26D;
				DYLIB_COMPATIBILITY_VERSION = 1;
				DYLIB_CURRENT_VERSION = 1;
				DYLIB_INSTALL_NAME_BASE = "@rpath";
				INFOPLIST_FILE = EventPopup/Info.plist;
				INSTALL_PATH = "$(LOCAL_LIBRARY_DIR)/Frameworks";
				IPHONEOS_DEPLOYMENT_TARGET = 11.0;
				LD_RUNPATH_SEARCH_PATHS = (
					"$(inherited)",
					"@executable_path/Frameworks",
					"@loader_path/Frameworks",
				);
				MARKETING_VERSION = 0.0.6;
				PRODUCT_BUNDLE_IDENTIFIER = artemborisenko.EventPopup;
				PRODUCT_NAME = "$(TARGET_NAME:c99extidentifier)";
				SKIP_INSTALL = YES;
				SUPPORTS_MACCATALYST = NO;
				SUPPORTS_MAC_DESIGNED_FOR_IPHONE_IPAD = NO;
				SWIFT_VERSION = 5.0;
				TARGETED_DEVICE_FAMILY = 1;
			};
			name = Debug;
		};
		C507244A26834FCF00A51D47 /* Release */ = {
			isa = XCBuildConfiguration;
			baseConfigurationReference = 97AAAE2AB47B7010B97ACEF8 /* Pods-EventPopup.release.xcconfig */;
			buildSettings = {
				CODE_SIGN_STYLE = Automatic;
				DEFINES_MODULE = YES;
				DEVELOPMENT_TEAM = P62455T26D;
				DYLIB_COMPATIBILITY_VERSION = 1;
				DYLIB_CURRENT_VERSION = 1;
				DYLIB_INSTALL_NAME_BASE = "@rpath";
				INFOPLIST_FILE = EventPopup/Info.plist;
				INSTALL_PATH = "$(LOCAL_LIBRARY_DIR)/Frameworks";
				IPHONEOS_DEPLOYMENT_TARGET = 11.0;
				LD_RUNPATH_SEARCH_PATHS = (
					"$(inherited)",
					"@executable_path/Frameworks",
					"@loader_path/Frameworks",
				);
				MARKETING_VERSION = 0.0.6;
				PRODUCT_BUNDLE_IDENTIFIER = artemborisenko.EventPopup;
				PRODUCT_NAME = "$(TARGET_NAME:c99extidentifier)";
				SKIP_INSTALL = YES;
				SUPPORTS_MACCATALYST = NO;
				SUPPORTS_MAC_DESIGNED_FOR_IPHONE_IPAD = NO;
				SWIFT_VERSION = 5.0;
				TARGETED_DEVICE_FAMILY = 1;
			};
			name = Release;
		};
/* End XCBuildConfiguration section */

/* Begin XCConfigurationList section */
		C507243A26834FCF00A51D47 /* Build configuration list for PBXProject "EventPopup" */ = {
			isa = XCConfigurationList;
			buildConfigurations = (
				C507244626834FCF00A51D47 /* Debug */,
				C507244726834FCF00A51D47 /* Release */,
			);
			defaultConfigurationIsVisible = 0;
			defaultConfigurationName = Release;
		};
		C507244826834FCF00A51D47 /* Build configuration list for PBXNativeTarget "EventPopup" */ = {
			isa = XCConfigurationList;
			buildConfigurations = (
				C507244926834FCF00A51D47 /* Debug */,
				C507244A26834FCF00A51D47 /* Release */,
			);
			defaultConfigurationIsVisible = 0;
			defaultConfigurationName = Release;
		};
/* End XCConfigurationList section */
	};
	rootObject = C507243726834FCF00A51D47 /* Project object */;
}
